
Microsoft Visual Studio Solution File, Format Version 12.00
# Visual Studio Version 17
VisualStudioVersion = 17.2.32616.157
MinimumVisualStudioVersion = 10.0.40219.1
Project("{FAE04EC0-301F-11D3-BF4B-00C04F79EFBC}") = "Proce_Files", "Proce_Files.csproj", "{56353333-AF80-4279-A04B-AE61B1B094B6}"
EndProject
Global
	GlobalSection(SolutionConfigurationPlatforms) = preSolution
		Debug|Any CPU = Debug|Any CPU
		Release|Any CPU = Release|Any CPU
	EndGlobalSection
	GlobalSection(ProjectConfigurationPlatforms) = postSolution
		{56353333-AF80-4279-A04B-AE61B1B094B6}.Debug|Any CPU.ActiveCfg = Debug|Any CPU
		{56353333-AF80-4279-A04B-AE61B1B094B6}.Debug|Any CPU.Build.0 = Debug|Any CPU
		{56353333-AF80-4279-A04B-AE61B1B094B6}.Release|Any CPU.ActiveCfg = Release|Any CPU
		{56353333-AF80-4279-A04B-AE61B1B094B6}.Release|Any CPU.Build.0 = Release|Any CPU
	EndGlobalSection
	GlobalSection(SolutionProperties) = preSolution
		HideSolutionNode = FALSE
	EndGlobalSection
	GlobalSection(ExtensibilityGlobals) = postSolution
		SolutionGuid = {F69B5E7D-912D-4A17-853A-7D0634487DAE}
	EndGlobalSection
EndGlobal
